
Microsoft Visual Studio Solution File, Format Version 12.00
# Visual Studio Version 17
VisualStudioVersion = 17.6.33829.357
MinimumVisualStudioVersion = 10.0.40219.1
Project("{8BC9CEB8-8B4A-11D0-8D11-00A0C91BC942}") = "htop", "htop\htop.vcxproj", "{CFBC9126-7CB8-4E79-A396-2463A8DC40C1}"
EndProject
Project("{8BC9CEB8-8B4A-11D0-8D11-00A0C91BC942}") = "cat", "cat\cat.vcxproj", "{3B66FAF5-4C5A-40A6-96A9-CBD822ADE0F7}"
EndProject
Project("{8BC9CEB8-8B4A-11D0-8D11-00A0C91BC942}") = "rm", "rm\rm.vcxproj", "{ADE8216C-AC56-48A3-AE07-478170D1FBAF}"
EndProject
Project("{8BC9CEB8-8B4A-11D0-8D11-00A0C91BC942}") = "clear", "clear\clear.vcxproj", "{0C5A6E4C-F730-4832-857F-625F1B8ACE71}"
EndProject
Global
	GlobalSection(SolutionConfigurationPlatforms) = preSolution
		Debug|x64 = Debug|x64
		Debug|x86 = Debug|x86
		Release|x64 = Release|x64
		Release|x86 = Release|x86
	EndGlobalSection
	GlobalSection(ProjectConfigurationPlatforms) = postSolution
		{CFBC9126-7CB8-4E79-A396-2463A8DC40C1}.Debug|x64.ActiveCfg = Debug|x64
		{CFBC9126-7CB8-4E79-A396-2463A8DC40C1}.Debug|x64.Build.0 = Debug|x64
		{CFBC9126-7CB8-4E79-A396-2463A8DC40C1}.Debug|x86.ActiveCfg = Debug|Win32
		{CFBC9126-7CB8-4E79-A396-2463A8DC40C1}.Debug|x86.Build.0 = Debug|Win32
		{CFBC9126-7CB8-4E79-A396-2463A8DC40C1}.Release|x64.ActiveCfg = Release|x64
		{CFBC9126-7CB8-4E79-A396-2463A8DC40C1}.Release|x64.Build.0 = Release|x64
		{CFBC9126-7CB8-4E79-A396-2463A8DC40C1}.Release|x86.ActiveCfg = Release|Win32
		{CFBC9126-7CB8-4E79-A396-2463A8DC40C1}.Release|x86.Build.0 = Release|Win32
		{3B66FAF5-4C5A-40A6-96A9-CBD822ADE0F7}.Debug|x64.ActiveCfg = Debug|x64
		{3B66FAF5-4C5A-40A6-96A9-CBD822ADE0F7}.Debug|x64.Build.0 = Debug|x64
		{3B66FAF5-4C5A-40A6-96A9-CBD822ADE0F7}.Debug|x86.ActiveCfg = Debug|Win32
		{3B66FAF5-4C5A-40A6-96A9-CBD822ADE0F7}.Debug|x86.Build.0 = Debug|Win32
		{3B66FAF5-4C5A-40A6-96A9-CBD822ADE0F7}.Release|x64.ActiveCfg = Release|x64
		{3B66FAF5-4C5A-40A6-96A9-CBD822ADE0F7}.Release|x64.Build.0 = Release|x64
		{3B66FAF5-4C5A-40A6-96A9-CBD822ADE0F7}.Release|x86.ActiveCfg = Release|Win32
		{3B66FAF5-4C5A-40A6-96A9-CBD822ADE0F7}.Release|x86.Build.0 = Release|Win32
		{ADE8216C-AC56-48A3-AE07-478170D1FBAF}.Debug|x64.ActiveCfg = Debug|x64
		{ADE8216C-AC56-48A3-AE07-478170D1FBAF}.Debug|x64.Build.0 = Debug|x64
		{ADE8216C-AC56-48A3-AE07-478170D1FBAF}.Debug|x86.ActiveCfg = Debug|Win32
		{ADE8216C-AC56-48A3-AE07-478170D1FBAF}.Debug|x86.Build.0 = Debug|Win32
		{ADE8216C-AC56-48A3-AE07-478170D1FBAF}.Release|x64.ActiveCfg = Release|x64
		{ADE8216C-AC56-48A3-AE07-478170D1FBAF}.Release|x64.Build.0 = Release|x64
		{ADE8216C-AC56-48A3-AE07-478170D1FBAF}.Release|x86.ActiveCfg = Release|Win32
		{ADE8216C-AC56-48A3-AE07-478170D1FBAF}.Release|x86.Build.0 = Release|Win32
		{0C5A6E4C-F730-4832-857F-625F1B8ACE71}.Debug|x64.ActiveCfg = Debug|x64
		{0C5A6E4C-F730-4832-857F-625F1B8ACE71}.Debug|x64.Build.0 = Debug|x64
		{0C5A6E4C-F730-4832-857F-625F1B8ACE71}.Debug|x86.ActiveCfg = Debug|Win32
		{0C5A6E4C-F730-4832-857F-625F1B8ACE71}.Debug|x86.Build.0 = Debug|Win32
		{0C5A6E4C-F730-4832-857F-625F1B8ACE71}.Release|x64.ActiveCfg = Release|x64
		{0C5A6E4C-F730-4832-857F-625F1B8ACE71}.Release|x64.Build.0 = Release|x64
		{0C5A6E4C-F730-4832-857F-625F1B8ACE71}.Release|x86.ActiveCfg = Release|Win32
		{0C5A6E4C-F730-4832-857F-625F1B8ACE71}.Release|x86.Build.0 = Release|Win32
	EndGlobalSection
	GlobalSection(SolutionProperties) = preSolution
		HideSolutionNode = FALSE
	EndGlobalSection
	GlobalSection(ExtensibilityGlobals) = postSolution
		SolutionGuid = {20C648E3-E46D-4750-9A97-467C44B130FF}
	EndGlobalSection
EndGlobal
